
Microsoft Visual Studio Solution File, Format Version 12.00
# Visual Studio 14
VisualStudioVersion = 14.0.24720.0
MinimumVisualStudioVersion = 10.0.40219.1
Project("{FAE04EC0-301F-11D3-BF4B-00C04F79EFBC}") = "Data", "Data\Data.csproj", "{D277D678-F9DE-40F2-81E9-F55C28071B18}"
EndProject
Project("{FAE04EC0-301F-11D3-BF4B-00C04F79EFBC}") = "Model", "Model\Model.csproj", "{CC7118BD-5C53-4246-B9FC-6DC6BEF797B1}"
EndProject
Project("{FAE04EC0-301F-11D3-BF4B-00C04F79EFBC}") = "Web", "Web\Web.csproj", "{43F32B0E-AD55-4CD4-9759-71D30D2A904A}"
EndProject
Global
	GlobalSection(SolutionConfigurationPlatforms) = preSolution
		Debug|Any CPU = Debug|Any CPU
		Release|Any CPU = Release|Any CPU
	EndGlobalSection
	GlobalSection(ProjectConfigurationPlatforms) = postSolution
		{D277D678-F9DE-40F2-81E9-F55C28071B18}.Debug|Any CPU.ActiveCfg = Debug|Any CPU
		{D277D678-F9DE-40F2-81E9-F55C28071B18}.Debug|Any CPU.Build.0 = Debug|Any CPU
		{D277D678-F9DE-40F2-81E9-F55C28071B18}.Release|Any CPU.ActiveCfg = Release|Any CPU
		{D277D678-F9DE-40F2-81E9-F55C28071B18}.Release|Any CPU.Build.0 = Release|Any CPU
		{CC7118BD-5C53-4246-B9FC-6DC6BEF797B1}.Debug|Any CPU.ActiveCfg = Debug|Any CPU
		{CC7118BD-5C53-4246-B9FC-6DC6BEF797B1}.Debug|Any CPU.Build.0 = Debug|Any CPU
		{CC7118BD-5C53-4246-B9FC-6DC6BEF797B1}.Release|Any CPU.ActiveCfg = Release|Any CPU
		{CC7118BD-5C53-4246-B9FC-6DC6BEF797B1}.Release|Any CPU.Build.0 = Release|Any CPU
		{43F32B0E-AD55-4CD4-9759-71D30D2A904A}.Debug|Any CPU.ActiveCfg = Debug|Any CPU
		{43F32B0E-AD55-4CD4-9759-71D30D2A904A}.Debug|Any CPU.Build.0 = Debug|Any CPU
		{43F32B0E-AD55-4CD4-9759-71D30D2A904A}.Release|Any CPU.ActiveCfg = Release|Any CPU
		{43F32B0E-AD55-4CD4-9759-71D30D2A904A}.Release|Any CPU.Build.0 = Release|Any CPU
	EndGlobalSection
	GlobalSection(SolutionProperties) = preSolution
		HideSolutionNode = FALSE
	EndGlobalSection
EndGlobal
